// !$*UTF8*$!
{
	archiveVersion = 1;
	classes = {
	};
	objectVersion = 50;
	objects = {

/* Begin PBXBuildFile section */
		F3323E9C264EE88500B6EC08 /* AppDelegate.swift in Sources */ = {isa = PBXBuildFile; fileRef = F3323E9B264EE88500B6EC08 /* AppDelegate.swift */; };
		F3323E9E264EE88500B6EC08 /* SceneDelegate.swift in Sources */ = {isa = PBXBuildFile; fileRef = F3323E9D264EE88500B6EC08 /* SceneDelegate.swift */; };
		F3323EA0264EE88500B6EC08 /* ViewController.swift in Sources */ = {isa = PBXBuildFile; fileRef = F3323E9F264EE88500B6EC08 /* ViewController.swift */; };
		F3323EA3264EE88500B6EC08 /* Main.storyboard in Resources */ = {isa = PBXBuildFile; fileRef = F3323EA1264EE88500B6EC08 /* Main.storyboard */; };
		F3323EA5264EE88900B6EC08 /* Assets.xcassets in Resources */ = {isa = PBXBuildFile; fileRef = F3323EA4264EE88900B6EC08 /* Assets.xcassets */; };
		F3323EA8264EE88900B6EC08 /* LaunchScreen.storyboard in Resources */ = {isa = PBXBuildFile; fileRef = F3323EA6264EE88900B6EC08 /* LaunchScreen.storyboard */; };
		F3323EB3264EE88A00B6EC08 /* SampleAppTests.swift in Sources */ = {isa = PBXBuildFile; fileRef = F3323EB2264EE88A00B6EC08 /* SampleAppTests.swift */; };
		F3323EBE264EE88A00B6EC08 /* SampleAppUITests.swift in Sources */ = {isa = PBXBuildFile; fileRef = F3323EBD264EE88A00B6EC08 /* SampleAppUITests.swift */; };
/* End PBXBuildFile section */

/* Begin PBXContainerItemProxy section */
		F3323EAF264EE88A00B6EC08 /* PBXContainerItemProxy */ = {
			isa = PBXContainerItemProxy;
			containerPortal = F3323E90264EE88500B6EC08 /* Project object */;
			proxyType = 1;
			remoteGlobalIDString = F3323E97264EE88500B6EC08;
			remoteInfo = SampleApp;
		};
		F3323EBA264EE88A00B6EC08 /* PBXContainerItemProxy */ = {
			isa = PBXContainerItemProxy;
			containerPortal = F3323E90264EE88500B6EC08 /* Project object */;
			proxyType = 1;
			remoteGlobalIDString = F3323E97264EE88500B6EC08;
			remoteInfo = SampleApp;
		};
/* End PBXContainerItemProxy section */

/* Begin PBXFileReference section */
		F3323E98264EE88500B6EC08 /* SampleApp.app */ = {isa = PBXFileReference; explicitFileType = wrapper.application; includeInIndex = 0; path = SampleApp.app; sourceTree = BUILT_PRODUCTS_DIR; };
		F3323E9B264EE88500B6EC08 /* AppDelegate.swift */ = {isa = PBXFileReference; lastKnownFileType = sourcecode.swift; path = AppDelegate.swift; sourceTree = "<group>"; };
		F3323E9D264EE88500B6EC08 /* SceneDelegate.swift */ = {isa = PBXFileReference; lastKnownFileType = sourcecode.swift; path = SceneDelegate.swift; sourceTree = "<group>"; };
		F3323E9F264EE88500B6EC08 /* ViewController.swift */ = {isa = PBXFileReference; lastKnownFileType = sourcecode.swift; path = ViewController.swift; sourceTree = "<group>"; };
		F3323EA2264EE88500B6EC08 /* Base */ = {isa = PBXFileReference; lastKnownFileType = file.storyboard; name = Base; path = Base.lproj/Main.storyboard; sourceTree = "<group>"; };
		F3323EA4264EE88900B6EC08 /* Assets.xcassets */ = {isa = PBXFileReference; lastKnownFileType = folder.assetcatalog; path = Assets.xcassets; sourceTree = "<group>"; };
		F3323EA7264EE88900B6EC08 /* Base */ = {isa = PBXFileReference; lastKnownFileType = file.storyboard; name = Base; path = Base.lproj/LaunchScreen.storyboard; sourceTree = "<group>"; };
		F3323EA9264EE88900B6EC08 /* Info.plist */ = {isa = PBXFileReference; lastKnownFileType = text.plist.xml; path = Info.plist; sourceTree = "<group>"; };
		F3323EAE264EE88A00B6EC08 /* SampleAppTests.xctest */ = {isa = PBXFileReference; explicitFileType = wrapper.cfbundle; includeInIndex = 0; path = SampleAppTests.xctest; sourceTree = BUILT_PRODUCTS_DIR; };
		F3323EB2264EE88A00B6EC08 /* SampleAppTests.swift */ = {isa = PBXFileReference; lastKnownFileType = sourcecode.swift; path = SampleAppTests.swift; sourceTree = "<group>"; };
		F3323EB4264EE88A00B6EC08 /* Info.plist */ = {isa = PBXFileReference; lastKnownFileType = text.plist.xml; path = Info.plist; sourceTree = "<group>"; };
		F3323EB9264EE88A00B6EC08 /* SampleAppUITests.xctest */ = {isa = PBXFileReference; explicitFileType = wrapper.cfbundle; includeInIndex = 0; path = SampleAppUITests.xctest; sourceTree = BUILT_PRODUCTS_DIR; };
		F3323EBD264EE88A00B6EC08 /* SampleAppUITests.swift */ = {isa = PBXFileReference; lastKnownFileType = sourcecode.swift; path = SampleAppUITests.swift; sourceTree = "<group>"; };
		F3323EBF264EE88A00B6EC08 /* Info.plist */ = {isa = PBXFileReference; lastKnownFileType = text.plist.xml; path = Info.plist; sourceTree = "<group>"; };
/* End PBXFileReference section */

/* Begin PBXFrameworksBuildPhase section */
		F3323E95264EE88500B6EC08 /* Frameworks */ = {
			isa = PBXFrameworksBuildPhase;
			buildActionMask = 2147483647;
			files = (
			);
			runOnlyForDeploymentPostprocessing = 0;
		};
		F3323EAB264EE88A00B6EC08 /* Frameworks */ = {
			isa = PBXFrameworksBuildPhase;
			buildActionMask = 2147483647;
			files = (
			);
			runOnlyForDeploymentPostprocessing = 0;
		};
		F3323EB6264EE88A00B6EC08 /* Frameworks */ = {
			isa = PBXFrameworksBuildPhase;
			buildActionMask = 2147483647;
			files = (
			);
			runOnlyForDeploymentPostprocessing = 0;
		};
/* End PBXFrameworksBuildPhase section */

/* Begin PBXGroup section */
		F3323E8F264EE88500B6EC08 = {
			isa = PBXGroup;
			children = (
				F3323E9A264EE88500B6EC08 /* SampleApp */,
				F3323EB1264EE88A00B6EC08 /* SampleAppTests */,
				F3323EBC264EE88A00B6EC08 /* SampleAppUITests */,
				F3323E99264EE88500B6EC08 /* Products */,
			);
			sourceTree = "<group>";
		};
		F3323E99264EE88500B6EC08 /* Products */ = {
			isa = PBXGroup;
			children = (
				F3323E98264EE88500B6EC08 /* SampleApp.app */,
				F3323EAE264EE88A00B6EC08 /* SampleAppTests.xctest */,
				F3323EB9264EE88A00B6EC08 /* SampleAppUITests.xctest */,
			);
			name = Products;
			sourceTree = "<group>";
		};
		F3323E9A264EE88500B6EC08 /* SampleApp */ = {
			isa = PBXGroup;
			children = (
				F3323E9B264EE88500B6EC08 /* AppDelegate.swift */,
				F3323E9D264EE88500B6EC08 /* SceneDelegate.swift */,
				F3323E9F264EE88500B6EC08 /* ViewController.swift */,
				F3323EA1264EE88500B6EC08 /* Main.storyboard */,
				F3323EA4264EE88900B6EC08 /* Assets.xcassets */,
				F3323EA6264EE88900B6EC08 /* LaunchScreen.storyboard */,
				F3323EA9264EE88900B6EC08 /* Info.plist */,
			);
			path = SampleApp;
			sourceTree = "<group>";
		};
		F3323EB1264EE88A00B6EC08 /* SampleAppTests */ = {
			isa = PBXGroup;
			children = (
				F3323EB2264EE88A00B6EC08 /* SampleAppTests.swift */,
				F3323EB4264EE88A00B6EC08 /* Info.plist */,
			);
			path = SampleAppTests;
			sourceTree = "<group>";
		};
		F3323EBC264EE88A00B6EC08 /* SampleAppUITests */ = {
			isa = PBXGroup;
			children = (
				F3323EBD264EE88A00B6EC08 /* SampleAppUITests.swift */,
				F3323EBF264EE88A00B6EC08 /* Info.plist */,
			);
			path = SampleAppUITests;
			sourceTree = "<group>";
		};
/* End PBXGroup section */

/* Begin PBXNativeTarget section */
		F3323E97264EE88500B6EC08 /* SampleApp */ = {
			isa = PBXNativeTarget;
			buildConfigurationList = F3323EC2264EE88A00B6EC08 /* Build configuration list for PBXNativeTarget "SampleApp" */;
			buildPhases = (
				F3323E94264EE88500B6EC08 /* Sources */,
				F3323E95264EE88500B6EC08 /* Frameworks */,
				F3323E96264EE88500B6EC08 /* Resources */,
			);
			buildRules = (
			);
			dependencies = (
			);
			name = SampleApp;
			productName = SampleApp;
			productReference = F3323E98264EE88500B6EC08 /* SampleApp.app */;
			productType = "com.apple.product-type.application";
		};
		F3323EAD264EE88A00B6EC08 /* SampleAppTests */ = {
			isa = PBXNativeTarget;
			buildConfigurationList = F3323EC5264EE88A00B6EC08 /* Build configuration list for PBXNativeTarget "SampleAppTests" */;
			buildPhases = (
				F3323EAA264EE88A00B6EC08 /* Sources */,
				F3323EAB264EE88A00B6EC08 /* Frameworks */,
				F3323EAC264EE88A00B6EC08 /* Resources */,
			);
			buildRules = (
			);
			dependencies = (
				F3323EB0264EE88A00B6EC08 /* PBXTargetDependency */,
			);
			name = SampleAppTests;
			productName = SampleAppTests;
			productReference = F3323EAE264EE88A00B6EC08 /* SampleAppTests.xctest */;
			productType = "com.apple.product-type.bundle.unit-test";
		};
		F3323EB8264EE88A00B6EC08 /* SampleAppUITests */ = {
			isa = PBXNativeTarget;
			buildConfigurationList = F3323EC8264EE88A00B6EC08 /* Build configuration list for PBXNativeTarget "SampleAppUITests" */;
			buildPhases = (
				F3323EB5264EE88A00B6EC08 /* Sources */,
				F3323EB6264EE88A00B6EC08 /* Frameworks */,
				F3323EB7264EE88A00B6EC08 /* Resources */,
			);
			buildRules = (
			);
			dependencies = (
				F3323EBB264EE88A00B6EC08 /* PBXTargetDependency */,
			);
			name = SampleAppUITests;
			productName = SampleAppUITests;
			productReference = F3323EB9264EE88A00B6EC08 /* SampleAppUITests.xctest */;
			productType = "com.apple.product-type.bundle.ui-testing";
		};
/* End PBXNativeTarget section */

/* Begin PBXProject section */
		F3323E90264EE88500B6EC08 /* Project object */ = {
			isa = PBXProject;
			attributes = {
				LastSwiftUpdateCheck = 1240;
				LastUpgradeCheck = 1240;
				TargetAttributes = {
					F3323E97264EE88500B6EC08 = {
						CreatedOnToolsVersion = 12.4;
					};
					F3323EAD264EE88A00B6EC08 = {
						CreatedOnToolsVersion = 12.4;
						TestTargetID = F3323E97264EE88500B6EC08;
					};
					F3323EB8264EE88A00B6EC08 = {
						CreatedOnToolsVersion = 12.4;
						TestTargetID = F3323E97264EE88500B6EC08;
					};
				};
			};
			buildConfigurationList = F3323E93264EE88500B6EC08 /* Build configuration list for PBXProject "SampleApp" */;
			compatibilityVersion = "Xcode 9.3";
			developmentRegion = en;
			hasScannedForEncodings = 0;
			knownRegions = (
				en,
				Base,
			);
			mainGroup = F3323E8F264EE88500B6EC08;
			productRefGroup = F3323E99264EE88500B6EC08 /* Products */;
			projectDirPath = "";
			projectRoot = "";
			targets = (
				F3323E97264EE88500B6EC08 /* SampleApp */,
				F3323EAD264EE88A00B6EC08 /* SampleAppTests */,
				F3323EB8264EE88A00B6EC08 /* SampleAppUITests */,
			);
		};
/* End PBXProject section */

/* Begin PBXResourcesBuildPhase section */
		F3323E96264EE88500B6EC08 /* Resources */ = {
			isa = PBXResourcesBuildPhase;
			buildActionMask = 2147483647;
			files = (
				F3323EA8264EE88900B6EC08 /* LaunchScreen.storyboard in Resources */,
				F3323EA5264EE88900B6EC08 /* Assets.xcassets in Resources */,
				F3323EA3264EE88500B6EC08 /* Main.storyboard in Resources */,
			);
			runOnlyForDeploymentPostprocessing = 0;
		};
		F3323EAC264EE88A00B6EC08 /* Resources */ = {
			isa = PBXResourcesBuildPhase;
			buildActionMask = 2147483647;
			files = (
			);
			runOnlyForDeploymentPostprocessing = 0;
		};
		F3323EB7264EE88A00B6EC08 /* Resources */ = {
			isa = PBXResourcesBuildPhase;
			buildActionMask = 2147483647;
			files = (
			);
			runOnlyForDeploymentPostprocessing = 0;
		};
/* End PBXResourcesBuildPhase section */

/* Begin PBXSourcesBuildPhase section */
		F3323E94264EE88500B6EC08 /* Sources */ = {
			isa = PBXSourcesBuildPhase;
			buildActionMask = 2147483647;
			files = (
				F3323EA0264EE88500B6EC08 /* ViewController.swift in Sources */,
				F3323E9C264EE88500B6EC08 /* AppDelegate.swift in Sources */,
				F3323E9E264EE88500B6EC08 /* SceneDelegate.swift in Sources */,
			);
			runOnlyForDeploymentPostprocessing = 0;
		};
		F3323EAA264EE88A00B6EC08 /* Sources */ = {
			isa = PBXSourcesBuildPhase;
			buildActionMask = 2147483647;
			files = (
				F3323EB3264EE88A00B6EC08 /* SampleAppTests.swift in Sources */,
			);
			runOnlyForDeploymentPostprocessing = 0;
		};
		F3323EB5264EE88A00B6EC08 /* Sources */ = {
			isa = PBXSourcesBuildPhase;
			buildActionMask = 2147483647;
			files = (
				F3323EBE264EE88A00B6EC08 /* SampleAppUITests.swift in Sources */,
			);
			runOnlyForDeploymentPostprocessing = 0;
		};
/* End PBXSourcesBuildPhase section */

/* Begin PBXTargetDependency section */
		F3323EB0264EE88A00B6EC08 /* PBXTargetDependency */ = {
			isa = PBXTargetDependency;
			target = F3323E97264EE88500B6EC08 /* SampleApp */;
			targetProxy = F3323EAF264EE88A00B6EC08 /* PBXContainerItemProxy */;
		};
		F3323EBB264EE88A00B6EC08 /* PBXTargetDependency */ = {
			isa = PBXTargetDependency;
			target = F3323E97264EE88500B6EC08 /* SampleApp */;
			targetProxy = F3323EBA264EE88A00B6EC08 /* PBXContainerItemProxy */;
		};
/* End PBXTargetDependency section */

/* Begin PBXVariantGroup section */
		F3323EA1264EE88500B6EC08 /* Main.storyboard */ = {
			isa = PBXVariantGroup;
			children = (
				F3323EA2264EE88500B6EC08 /* Base */,
			);
			name = Main.storyboard;
			sourceTree = "<group>";
		};
		F3323EA6264EE88900B6EC08 /* LaunchScreen.storyboard */ = {
			isa = PBXVariantGroup;
			children = (
				F3323EA7264EE88900B6EC08 /* Base */,
			);
			name = LaunchScreen.storyboard;
			sourceTree = "<group>";
		};
/* End PBXVariantGroup section */

/* Begin XCBuildConfiguration section */
		F3323EC0264EE88A00B6EC08 /* Debug */ = {
			isa = XCBuildConfiguration;
			buildSettings = {
				ALWAYS_SEARCH_USER_PATHS = NO;
				CLANG_ANALYZER_NONNULL = YES;
				CLANG_ANALYZER_NUMBER_OBJECT_CONVERSION = YES_AGGRESSIVE;
				CLANG_CXX_LANGUAGE_STANDARD = "gnu++14";
				CLANG_CXX_LIBRARY = "libc++";
				CLANG_ENABLE_MODULES = YES;
				CLANG_ENABLE_OBJC_ARC = YES;
				CLANG_ENABLE_OBJC_WEAK = YES;
				CLANG_WARN_BLOCK_CAPTURE_AUTORELEASING = YES;
				CLANG_WARN_BOOL_CONVERSION = YES;
				CLANG_WARN_COMMA = YES;
				CLANG_WARN_CONSTANT_CONVERSION = YES;
				CLANG_WARN_DEPRECATED_OBJC_IMPLEMENTATIONS = YES;
				CLANG_WARN_DIRECT_OBJC_ISA_USAGE = YES_ERROR;
				CLANG_WARN_DOCUMENTATION_COMMENTS = YES;
				CLANG_WARN_EMPTY_BODY = YES;
				CLANG_WARN_ENUM_CONVERSION = YES;
				CLANG_WARN_INFINITE_RECURSION = YES;
				CLANG_WARN_INT_CONVERSION = YES;
				CLANG_WARN_NON_LITERAL_NULL_CONVERSION = YES;
				CLANG_WARN_OBJC_IMPLICIT_RETAIN_SELF = YES;
				CLANG_WARN_OBJC_LITERAL_CONVERSION = YES;
				CLANG_WARN_OBJC_ROOT_CLASS = YES_ERROR;
				CLANG_WARN_QUOTED_INCLUDE_IN_FRAMEWORK_HEADER = YES;
				CLANG_WARN_RANGE_LOOP_ANALYSIS = YES;
				CLANG_WARN_STRICT_PROTOTYPES = YES;
				CLANG_WARN_SUSPICIOUS_MOVE = YES;
				CLANG_WARN_UNGUARDED_AVAILABILITY = YES_AGGRESSIVE;
				CLANG_WARN_UNREACHABLE_CODE = YES;
				CLANG_WARN__DUPLICATE_METHOD_MATCH = YES;
				COPY_PHASE_STRIP = NO;
				DEBUG_INFORMATION_FORMAT = dwarf;
				ENABLE_STRICT_OBJC_MSGSEND = YES;
				ENABLE_TESTABILITY = YES;
				GCC_C_LANGUAGE_STANDARD = gnu11;
				GCC_DYNAMIC_NO_PIC = NO;
				GCC_NO_COMMON_BLOCKS = YES;
				GCC_OPTIMIZATION_LEVEL = 0;
				GCC_PREPROCESSOR_DEFINITIONS = (
					"DEBUG=1",
					"$(inherited)",
				);
				GCC_WARN_64_TO_32_BIT_CONVERSION = YES;
				GCC_WARN_ABOUT_RETURN_TYPE = YES_ERROR;
				GCC_WARN_UNDECLARED_SELECTOR = YES;
				GCC_WARN_UNINITIALIZED_AUTOS = YES_AGGRESSIVE;
				GCC_WARN_UNUSED_FUNCTION = YES;
				GCC_WARN_UNUSED_VARIABLE = YES;
				IPHONEOS_DEPLOYMENT_TARGET = 14.4;
				MTL_ENABLE_DEBUG_INFO = INCLUDE_SOURCE;
				MTL_FAST_MATH = YES;
				ONLY_ACTIVE_ARCH = YES;
				SDKROOT = iphoneos;
				SWIFT_ACTIVE_COMPILATION_CONDITIONS = DEBUG;
				SWIFT_OPTIMIZATION_LEVEL = "-Onone";
			};
			name = Debug;
		};
		F3323EC1264EE88A00B6EC08 /* Release */ = {
			isa = XCBuildConfiguration;
			buildSettings = {
				ALWAYS_SEARCH_USER_PATHS = NO;
				CLANG_ANALYZER_NONNULL = YES;
				CLANG_ANALYZER_NUMBER_OBJECT_CONVERSION = YES_AGGRESSIVE;
				CLANG_CXX_LANGUAGE_STANDARD = "gnu++14";
				CLANG_CXX_LIBRARY = "libc++";
				CLANG_ENABLE_MODULES = YES;
				CLANG_ENABLE_OBJC_ARC = YES;
				CLANG_ENABLE_OBJC_WEAK = YES;
				CLANG_WARN_BLOCK_CAPTURE_AUTORELEASING = YES;
				CLANG_WARN_BOOL_CONVERSION = YES;
				CLANG_WARN_COMMA = YES;
				CLANG_WARN_CONSTANT_CONVERSION = YES;
				CLANG_WARN_DEPRECATED_OBJC_IMPLEMENTATIONS = YES;
				CLANG_WARN_DIRECT_OBJC_ISA_USAGE = YES_ERROR;
				CLANG_WARN_DOCUMENTATION_COMMENTS = YES;
				CLANG_WARN_EMPTY_BODY = YES;
				CLANG_WARN_ENUM_CONVERSION = YES;
				CLANG_WARN_INFINITE_RECURSION = YES;
				CLANG_WARN_INT_CONVERSION = YES;
				CLANG_WARN_NON_LITERAL_NULL_CONVERSION = YES;
				CLANG_WARN_OBJC_IMPLICIT_RETAIN_SELF = YES;
				CLANG_WARN_OBJC_LITERAL_CONVERSION = YES;
				CLANG_WARN_OBJC_ROOT_CLASS = YES_ERROR;
				CLANG_WARN_QUOTED_INCLUDE_IN_FRAMEWORK_HEADER = YES;
				CLANG_WARN_RANGE_LOOP_ANALYSIS = YES;
				CLANG_WARN_STRICT_PROTOTYPES = YES;
				CLANG_WARN_SUSPICIOUS_MOVE = YES;
				CLANG_WARN_UNGUARDED_AVAILABILITY = YES_AGGRESSIVE;
				CLANG_WARN_UNREACHABLE_CODE = YES;
				CLANG_WARN__DUPLICATE_METHOD_MATCH = YES;
				COPY_PHASE_STRIP = NO;
				DEBUG_INFORMATION_FORMAT = "dwarf-with-dsym";
				ENABLE_NS_ASSERTIONS = NO;
				ENABLE_STRICT_OBJC_MSGSEND = YES;
				GCC_C_LANGUAGE_STANDARD = gnu11;
				GCC_NO_COMMON_BLOCKS = YES;
				GCC_WARN_64_TO_32_BIT_CONVERSION = YES;
				GCC_WARN_ABOUT_RETURN_TYPE = YES_ERROR;
				GCC_WARN_UNDECLARED_SELECTOR = YES;
				GCC_WARN_UNINITIALIZED_AUTOS = YES_AGGRESSIVE;
				GCC_WARN_UNUSED_FUNCTION = YES;
				GCC_WARN_UNUSED_VARIABLE = YES;
				IPHONEOS_DEPLOYMENT_TARGET = 14.4;
				MTL_ENABLE_DEBUG_INFO = NO;
				MTL_FAST_MATH = YES;
				SDKROOT = iphoneos;
				SWIFT_COMPILATION_MODE = wholemodule;
				SWIFT_OPTIMIZATION_LEVEL = "-O";
				VALIDATE_PRODUCT = YES;
			};
			name = Release;
		};
		F3323EC3264EE88A00B6EC08 /* Debug */ = {
			isa = XCBuildConfiguration;
			buildSettings = {
				ASSETCATALOG_COMPILER_APPICON_NAME = AppIcon;
				ASSETCATALOG_COMPILER_GLOBAL_ACCENT_COLOR_NAME = AccentColor;
				CODE_SIGN_STYLE = Automatic;
				INFOPLIST_FILE = SampleApp/Info.plist;
				LD_RUNPATH_SEARCH_PATHS = (
					"$(inherited)",
					"@executable_path/Frameworks",
				);
				PRODUCT_BUNDLE_IDENTIFIER = com.SampleApp;
				PRODUCT_NAME = "$(TARGET_NAME)";
				SWIFT_VERSION = 5.0;
				TARGETED_DEVICE_FAMILY = "1,2";
			};
			name = Debug;
		};
		F3323EC4264EE88A00B6EC08 /* Release */ = {
			isa = XCBuildConfiguration;
			buildSettings = {
				ASSETCATALOG_COMPILER_APPICON_NAME = AppIcon;
				ASSETCATALOG_COMPILER_GLOBAL_ACCENT_COLOR_NAME = AccentColor;
				CODE_SIGN_STYLE = Automatic;
				INFOPLIST_FILE = SampleApp/Info.plist;
				LD_RUNPATH_SEARCH_PATHS = (
					"$(inherited)",
					"@executable_path/Frameworks",
				);
				PRODUCT_BUNDLE_IDENTIFIER = com.SampleApp;
				PRODUCT_NAME = "$(TARGET_NAME)";
				SWIFT_VERSION = 5.0;
				TARGETED_DEVICE_FAMILY = "1,2";
			};
			name = Release;
		};
		F3323EC6264EE88A00B6EC08 /* Debug */ = {
			isa = XCBuildConfiguration;
			buildSettings = {
				ALWAYS_EMBED_SWIFT_STANDARD_LIBRARIES = YES;
				BUNDLE_LOADER = "$(TEST_HOST)";
				CODE_SIGN_STYLE = Automatic;
				INFOPLIST_FILE = SampleAppTests/Info.plist;
				IPHONEOS_DEPLOYMENT_TARGET = 14.4;
				LD_RUNPATH_SEARCH_PATHS = (
					"$(inherited)",
					"@executable_path/Frameworks",
					"@loader_path/Frameworks",
				);
				PRODUCT_BUNDLE_IDENTIFIER = com.SampleAppTests;
				PRODUCT_NAME = "$(TARGET_NAME)";
				SWIFT_VERSION = 5.0;
				TARGETED_DEVICE_FAMILY = "1,2";
				TEST_HOST = "$(BUILT_PRODUCTS_DIR)/SampleApp.app/SampleApp";
			};
			name = Debug;
		};
		F3323EC7264EE88A00B6EC08 /* Release */ = {
			isa = XCBuildConfiguration;
			buildSettings = {
				ALWAYS_EMBED_SWIFT_STANDARD_LIBRARIES = YES;
				BUNDLE_LOADER = "$(TEST_HOST)";
				CODE_SIGN_STYLE = Automatic;
				INFOPLIST_FILE = SampleAppTests/Info.plist;
				IPHONEOS_DEPLOYMENT_TARGET = 14.4;
				LD_RUNPATH_SEARCH_PATHS = (
					"$(inherited)",
					"@executable_path/Frameworks",
					"@loader_path/Frameworks",
				);
				PRODUCT_BUNDLE_IDENTIFIER = com.SampleAppTests;
				PRODUCT_NAME = "$(TARGET_NAME)";
				SWIFT_VERSION = 5.0;
				TARGETED_DEVICE_FAMILY = "1,2";
				TEST_HOST = "$(BUILT_PRODUCTS_DIR)/SampleApp.app/SampleApp";
			};
			name = Release;
		};
		F3323EC9264EE88A00B6EC08 /* Debug */ = {
			isa = XCBuildConfiguration;
			buildSettings = {
				ALWAYS_EMBED_SWIFT_STANDARD_LIBRARIES = YES;
				CODE_SIGN_STYLE = Automatic;
				INFOPLIST_FILE = SampleAppUITests/Info.plist;
				LD_RUNPATH_SEARCH_PATHS = (
					"$(inherited)",
					"@executable_path/Frameworks",
					"@loader_path/Frameworks",
				);
				PRODUCT_BUNDLE_IDENTIFIER = com.SampleAppUITests;
				PRODUCT_NAME = "$(TARGET_NAME)";
				SWIFT_VERSION = 5.0;
				TARGETED_DEVICE_FAMILY = "1,2";
				TEST_TARGET_NAME = SampleApp;
			};
			name = Debug;
		};
		F3323ECA264EE88A00B6EC08 /* Release */ = {
			isa = XCBuildConfiguration;
			buildSettings = {
				ALWAYS_EMBED_SWIFT_STANDARD_LIBRARIES = YES;
				CODE_SIGN_STYLE = Automatic;
				INFOPLIST_FILE = SampleAppUITests/Info.plist;
				LD_RUNPATH_SEARCH_PATHS = (
					"$(inherited)",
					"@executable_path/Frameworks",
					"@loader_path/Frameworks",
				);
				PRODUCT_BUNDLE_IDENTIFIER = com.SampleAppUITests;
				PRODUCT_NAME = "$(TARGET_NAME)";
				SWIFT_VERSION = 5.0;
				TARGETED_DEVICE_FAMILY = "1,2";
				TEST_TARGET_NAME = SampleApp;
			};
			name = Release;
		};
/* End XCBuildConfiguration section */

/* Begin XCConfigurationList section */
		F3323E93264EE88500B6EC08 /* Build configuration list for PBXProject "SampleApp" */ = {
			isa = XCConfigurationList;
			buildConfigurations = (
				F3323EC0264EE88A00B6EC08 /* Debug */,
				F3323EC1264EE88A00B6EC08 /* Release */,
			);
			defaultConfigurationIsVisible = 0;
			defaultConfigurationName = Release;
		};
		F3323EC2264EE88A00B6EC08 /* Build configuration list for PBXNativeTarget "SampleApp" */ = {
			isa = XCConfigurationList;
			buildConfigurations = (
				F3323EC3264EE88A00B6EC08 /* Debug */,
				F3323EC4264EE88A00B6EC08 /* Release */,
			);
			defaultConfigurationIsVisible = 0;
			defaultConfigurationName = Release;
		};
		F3323EC5264EE88A00B6EC08 /* Build configuration list for PBXNativeTarget "SampleAppTests" */ = {
			isa = XCConfigurationList;
			buildConfigurations = (
				F3323EC6264EE88A00B6EC08 /* Debug */,
				F3323EC7264EE88A00B6EC08 /* Release */,
			);
			defaultConfigurationIsVisible = 0;
			defaultConfigurationName = Release;
		};
		F3323EC8264EE88A00B6EC08 /* Build configuration list for PBXNativeTarget "SampleAppUITests" */ = {
			isa = XCConfigurationList;
			buildConfigurations = (
				F3323EC9264EE88A00B6EC08 /* Debug */,
				F3323ECA264EE88A00B6EC08 /* Release */,
			);
			defaultConfigurationIsVisible = 0;
			defaultConfigurationName = Release;
		};
/* End XCConfigurationList section */
	};
	rootObject = F3323E90264EE88500B6EC08 /* Project object */;
}
